// !$*UTF8*$!
{
	archiveVersion = 1;
	classes = {
	};
	objectVersion = 46;
	objects = {

/* Begin PBXBuildFile section */
		0E2D078813656D4D00DBAED0 /* MacRuby.framework in Frameworks */ = {isa = PBXBuildFile; fileRef = 0E2D078713656D4D00DBAED0 /* MacRuby.framework */; };
		0E56D8171368642A00929160 /* GameView.rb in Resources */ = {isa = PBXBuildFile; fileRef = 0E56D8161368642A00929160 /* GameView.rb */; };
		0E68F4FC1369ED64006B2BD5 /* Unstack.rb in Resources */ = {isa = PBXBuildFile; fileRef = 0E68F4FB1369ED64006B2BD5 /* Unstack.rb */; };
		0E83D270136560A400209F44 /* Unstack.icns in Resources */ = {isa = PBXBuildFile; fileRef = 0E83D26F136560A400209F44 /* Unstack.icns */; };
		0E89CB5D1369703800EB250D /* Preferences.rb in Resources */ = {isa = PBXBuildFile; fileRef = 0E89CB5C1369703800EB250D /* Preferences.rb */; };
		0EA5B67F134724680054197B /* GameEndedView.rb in Resources */ = {isa = PBXBuildFile; fileRef = 0EA5B67E134724680054197B /* GameEndedView.rb */; };
		0EA5B68213472B2F0054197B /* Smiley.rb in Resources */ = {isa = PBXBuildFile; fileRef = 0EA5B68113472B2F0054197B /* Smiley.rb */; };
		0EB02A83137728B200F4DF1C /* HighscoresView.rb in Resources */ = {isa = PBXBuildFile; fileRef = 0EB02A82137728B200F4DF1C /* HighscoresView.rb */; };
		0EB02A86137731AB00F4DF1C /* TutorialView.rb in Resources */ = {isa = PBXBuildFile; fileRef = 0EB02A85137731AB00F4DF1C /* TutorialView.rb */; };
		0EE09A651345BC110008386E /* Cocoa.framework in Frameworks */ = {isa = PBXBuildFile; fileRef = 0EE09A641345BC110008386E /* Cocoa.framework */; };
		0EE09A6E1345BC110008386E /* InfoPlist.strings in Resources */ = {isa = PBXBuildFile; fileRef = 0EE09A6C1345BC110008386E /* InfoPlist.strings */; };
		0EE09A711345BC110008386E /* main.m in Sources */ = {isa = PBXBuildFile; fileRef = 0EE09A701345BC110008386E /* main.m */; };
		0EE09A751345BC110008386E /* MainMenu.xib in Resources */ = {isa = PBXBuildFile; fileRef = 0EE09A731345BC110008386E /* MainMenu.xib */; };
		0EE09A781345BC110008386E /* rb_main.rb in Resources */ = {isa = PBXBuildFile; fileRef = 0EE09A771345BC110008386E /* rb_main.rb */; };
		0EE09A7A1345BC110008386E /* AppDelegate.rb in Resources */ = {isa = PBXBuildFile; fileRef = 0EE09A791345BC110008386E /* AppDelegate.rb */; };
		0EE09A841345BCD90008386E /* Block.rb in Resources */ = {isa = PBXBuildFile; fileRef = 0EE09A831345BCD90008386E /* Block.rb */; };
		0EE09AA11345C8400008386E /* ScoresView.rb in Resources */ = {isa = PBXBuildFile; fileRef = 0EE09AA01345C8400008386E /* ScoresView.rb */; };
		0EE09AB21345E75D0008386E /* GameHelper.rb in Resources */ = {isa = PBXBuildFile; fileRef = 0EE09AAE1345E75C0008386E /* GameHelper.rb */; };
		0EE09AB31345E75D0008386E /* NextBlockView.rb in Resources */ = {isa = PBXBuildFile; fileRef = 0EE09AAF1345E75C0008386E /* NextBlockView.rb */; };
		0EE09AB51345E75D0008386E /* TowerView.rb in Resources */ = {isa = PBXBuildFile; fileRef = 0EE09AB11345E75D0008386E /* TowerView.rb */; };
		0EE09AB71345E76D0008386E /* Tower.rb in Resources */ = {isa = PBXBuildFile; fileRef = 0EE09AB61345E76D0008386E /* Tower.rb */; };
		0EE09AB91345E77F0008386E /* FullscreenView.rb in Resources */ = {isa = PBXBuildFile; fileRef = 0EE09AB81345E77F0008386E /* FullscreenView.rb */; };
		0EE09ACB1345F3E10008386E /* Player.rb in Resources */ = {isa = PBXBuildFile; fileRef = 0EE09ACA1345F3E10008386E /* Player.rb */; };
		0EE09AE1134625E50008386E /* README.markdown in Resources */ = {isa = PBXBuildFile; fileRef = 0EE09AE0134625E40008386E /* README.markdown */; };
		0EE962DA134633BE003ADC6B /* PreferencesWindow.rb in Resources */ = {isa = PBXBuildFile; fileRef = 0EE962D9134633BE003ADC6B /* PreferencesWindow.rb */; };
/* End PBXBuildFile section */

/* Begin PBXContainerItemProxy section */
		0EBF0F5B136579BF008F04CC /* PBXContainerItemProxy */ = {
			isa = PBXContainerItemProxy;
			containerPortal = 0EE09A571345BC110008386E /* Project object */;
			proxyType = 1;
			remoteGlobalIDString = 0EE09A5F1345BC110008386E;
			remoteInfo = unstack;
		};
		0EC132B313689771002E41E3 /* PBXContainerItemProxy */ = {
			isa = PBXContainerItemProxy;
			containerPortal = 0EE09A571345BC110008386E /* Project object */;
			proxyType = 1;
			remoteGlobalIDString = 0EE09A681345BC110008386E;
			remoteInfo = Deployment;
		};
		0EC132B513689773002E41E3 /* PBXContainerItemProxy */ = {
			isa = PBXContainerItemProxy;
			containerPortal = 0EE09A571345BC110008386E /* Project object */;
			proxyType = 1;
			remoteGlobalIDString = 0EE09A5F1345BC110008386E;
			remoteInfo = unstack;
		};
/* End PBXContainerItemProxy section */

/* Begin PBXFileReference section */
		0E2D078713656D4D00DBAED0 /* MacRuby.framework */ = {isa = PBXFileReference; lastKnownFileType = wrapper.framework; name = MacRuby.framework; path = Library/Frameworks/MacRuby.framework; sourceTree = SDKROOT; };
		0E56D8161368642A00929160 /* GameView.rb */ = {isa = PBXFileReference; fileEncoding = 4; lastKnownFileType = text.script.ruby; path = GameView.rb; sourceTree = "<group>"; };
		0E68F4FB1369ED64006B2BD5 /* Unstack.rb */ = {isa = PBXFileReference; fileEncoding = 4; lastKnownFileType = text.script.ruby; path = Unstack.rb; sourceTree = "<group>"; };
		0E83D26F136560A400209F44 /* Unstack.icns */ = {isa = PBXFileReference; lastKnownFileType = image.icns; path = Unstack.icns; sourceTree = "<group>"; };
		0E89CB5C1369703800EB250D /* Preferences.rb */ = {isa = PBXFileReference; fileEncoding = 4; lastKnownFileType = text.script.ruby; path = Preferences.rb; sourceTree = "<group>"; };
		0EA5B67E134724680054197B /* GameEndedView.rb */ = {isa = PBXFileReference; fileEncoding = 4; lastKnownFileType = text.script.ruby; path = GameEndedView.rb; sourceTree = "<group>"; };
		0EA5B68113472B2F0054197B /* Smiley.rb */ = {isa = PBXFileReference; fileEncoding = 4; lastKnownFileType = text.script.ruby; path = Smiley.rb; sourceTree = "<group>"; };
		0EB02A82137728B200F4DF1C /* HighscoresView.rb */ = {isa = PBXFileReference; fileEncoding = 4; lastKnownFileType = text.script.ruby; path = HighscoresView.rb; sourceTree = "<group>"; };
		0EB02A85137731AB00F4DF1C /* TutorialView.rb */ = {isa = PBXFileReference; fileEncoding = 4; lastKnownFileType = text.script.ruby; path = TutorialView.rb; sourceTree = "<group>"; };
		0EC132A2136882DD002E41E3 /* AppKit.framework */ = {isa = PBXFileReference; lastKnownFileType = wrapper.framework; name = AppKit.framework; path = System/Library/Frameworks/AppKit.framework; sourceTree = SDKROOT; };
		0EE09A601345BC110008386E /* unstack.app */ = {isa = PBXFileReference; explicitFileType = wrapper.application; includeInIndex = 0; path = unstack.app; sourceTree = BUILT_PRODUCTS_DIR; };
		0EE09A641345BC110008386E /* Cocoa.framework */ = {isa = PBXFileReference; lastKnownFileType = wrapper.framework; name = Cocoa.framework; path = System/Library/Frameworks/Cocoa.framework; sourceTree = SDKROOT; };
		0EE09A6B1345BC110008386E /* unstack-Info.plist */ = {isa = PBXFileReference; lastKnownFileType = text.plist.xml; path = "unstack-Info.plist"; sourceTree = "<group>"; };
		0EE09A6D1345BC110008386E /* en */ = {isa = PBXFileReference; lastKnownFileType = text.plist.strings; name = en; path = en.lproj/InfoPlist.strings; sourceTree = "<group>"; };
		0EE09A6F1345BC110008386E /* unstack-Prefix.pch */ = {isa = PBXFileReference; lastKnownFileType = sourcecode.c.h; path = "unstack-Prefix.pch"; sourceTree = "<group>"; };
		0EE09A701345BC110008386E /* main.m */ = {isa = PBXFileReference; lastKnownFileType = sourcecode.c.objc; path = main.m; sourceTree = "<group>"; };
		0EE09A741345BC110008386E /* en */ = {isa = PBXFileReference; lastKnownFileType = file.xib; name = en; path = en.lproj/MainMenu.xib; sourceTree = "<group>"; };
		0EE09A771345BC110008386E /* rb_main.rb */ = {isa = PBXFileReference; lastKnownFileType = text.script.ruby; path = rb_main.rb; sourceTree = "<group>"; };
		0EE09A791345BC110008386E /* AppDelegate.rb */ = {isa = PBXFileReference; lastKnownFileType = text.script.ruby; path = AppDelegate.rb; sourceTree = "<group>"; };
		0EE09A831345BCD90008386E /* Block.rb */ = {isa = PBXFileReference; fileEncoding = 4; lastKnownFileType = text.script.ruby; path = Block.rb; sourceTree = "<group>"; };
		0EE09AA01345C8400008386E /* ScoresView.rb */ = {isa = PBXFileReference; fileEncoding = 4; lastKnownFileType = text.script.ruby; path = ScoresView.rb; sourceTree = "<group>"; };
		0EE09AAE1345E75C0008386E /* GameHelper.rb */ = {isa = PBXFileReference; fileEncoding = 4; lastKnownFileType = text.script.ruby; path = GameHelper.rb; sourceTree = "<group>"; };
		0EE09AAF1345E75C0008386E /* NextBlockView.rb */ = {isa = PBXFileReference; fileEncoding = 4; lastKnownFileType = text.script.ruby; path = NextBlockView.rb; sourceTree = "<group>"; };
		0EE09AB11345E75D0008386E /* TowerView.rb */ = {isa = PBXFileReference; fileEncoding = 4; lastKnownFileType = text.script.ruby; path = TowerView.rb; sourceTree = "<group>"; };
		0EE09AB61345E76D0008386E /* Tower.rb */ = {isa = PBXFileReference; fileEncoding = 4; lastKnownFileType = text.script.ruby; path = Tower.rb; sourceTree = "<group>"; };
		0EE09AB81345E77F0008386E /* FullscreenView.rb */ = {isa = PBXFileReference; fileEncoding = 4; lastKnownFileType = text.script.ruby; path = FullscreenView.rb; sourceTree = "<group>"; };
		0EE09ACA1345F3E10008386E /* Player.rb */ = {isa = PBXFileReference; fileEncoding = 4; lastKnownFileType = text.script.ruby; path = Player.rb; sourceTree = "<group>"; };
		0EE09AE0134625E40008386E /* README.markdown */ = {isa = PBXFileReference; fileEncoding = 4; lastKnownFileType = text; path = README.markdown; sourceTree = "<group>"; };
		0EE962D9134633BE003ADC6B /* PreferencesWindow.rb */ = {isa = PBXFileReference; fileEncoding = 4; lastKnownFileType = text.script.ruby; path = PreferencesWindow.rb; sourceTree = "<group>"; };
/* End PBXFileReference section */

/* Begin PBXFrameworksBuildPhase section */
		0EE09A5D1345BC110008386E /* Frameworks */ = {
			isa = PBXFrameworksBuildPhase;
			buildActionMask = 2147483647;
			files = (
				0E2D078813656D4D00DBAED0 /* MacRuby.framework in Frameworks */,
				0EE09A651345BC110008386E /* Cocoa.framework in Frameworks */,
			);
			runOnlyForDeploymentPostprocessing = 0;
		};
/* End PBXFrameworksBuildPhase section */

/* Begin PBXGroup section */
		0EE09A551345BC110008386E = {
			isa = PBXGroup;
			children = (
				0EC132A2136882DD002E41E3 /* AppKit.framework */,
				0E2D078713656D4D00DBAED0 /* MacRuby.framework */,
				0E83D26F136560A400209F44 /* Unstack.icns */,
				0EE09AE0134625E40008386E /* README.markdown */,
				0EE09A691345BC110008386E /* unstack */,
				0EE09A631345BC110008386E /* Frameworks */,
				0EE09A611345BC110008386E /* Products */,
			);
			sourceTree = "<group>";
		};
		0EE09A611345BC110008386E /* Products */ = {
			isa = PBXGroup;
			children = (
				0EE09A601345BC110008386E /* unstack.app */,
			);
			name = Products;
			sourceTree = "<group>";
		};
		0EE09A631345BC110008386E /* Frameworks */ = {
			isa = PBXGroup;
			children = (
				0EE09A641345BC110008386E /* Cocoa.framework */,
			);
			name = Frameworks;
			sourceTree = "<group>";
		};
		0EE09A691345BC110008386E /* unstack */ = {
			isa = PBXGroup;
			children = (
				0EE09A791345BC110008386E /* AppDelegate.rb */,
				0E68F4FB1369ED64006B2BD5 /* Unstack.rb */,
				0E89CB5C1369703800EB250D /* Preferences.rb */,
				0EE09AAE1345E75C0008386E /* GameHelper.rb */,
				0EE962D9134633BE003ADC6B /* PreferencesWindow.rb */,
				0EE09AB81345E77F0008386E /* FullscreenView.rb */,
				0E56D8161368642A00929160 /* GameView.rb */,
				0EA5B67E134724680054197B /* GameEndedView.rb */,
				0EB02A82137728B200F4DF1C /* HighscoresView.rb */,
				0EE09AAF1345E75C0008386E /* NextBlockView.rb */,
				0EE09AA01345C8400008386E /* ScoresView.rb */,
				0EE09AB11345E75D0008386E /* TowerView.rb */,
				0EB02A85137731AB00F4DF1C /* TutorialView.rb */,
				0EE09A831345BCD90008386E /* Block.rb */,
				0EE09AB61345E76D0008386E /* Tower.rb */,
				0EA5B68113472B2F0054197B /* Smiley.rb */,
				0EE09ACA1345F3E10008386E /* Player.rb */,
				0EE09A721345BC110008386E /* Resources */,
				0EE09A761345BC110008386E /* Other Sources */,
				0EE09A6A1345BC110008386E /* Supporting Files */,
			);
			path = unstack;
			sourceTree = "<group>";
		};
		0EE09A6A1345BC110008386E /* Supporting Files */ = {
			isa = PBXGroup;
			children = (
				0EE09A6B1345BC110008386E /* unstack-Info.plist */,
				0EE09A6C1345BC110008386E /* InfoPlist.strings */,
				0EE09A6F1345BC110008386E /* unstack-Prefix.pch */,
				0EE09A701345BC110008386E /* main.m */,
			);
			name = "Supporting Files";
			sourceTree = "<group>";
		};
		0EE09A721345BC110008386E /* Resources */ = {
			isa = PBXGroup;
			children = (
				0EE09A731345BC110008386E /* MainMenu.xib */,
			);
			name = Resources;
			sourceTree = "<group>";
		};
		0EE09A761345BC110008386E /* Other Sources */ = {
			isa = PBXGroup;
			children = (
				0EE09A771345BC110008386E /* rb_main.rb */,
			);
			name = "Other Sources";
			sourceTree = "<group>";
		};
/* End PBXGroup section */

/* Begin PBXLegacyTarget section */
		0EC132AF13689758002E41E3 /* deployment macapp store */ = {
			isa = PBXLegacyTarget;
			buildArgumentsString = "-f -s \"$CODE_SIGN_IDENTITY\" \"$TARGET_BUILD_DIR/unstack.app\"";
			buildConfigurationList = 0EC132B013689759002E41E3 /* Build configuration list for PBXLegacyTarget "deployment macapp store" */;
			buildPhases = (
			);
			buildToolPath = codesign;
			buildWorkingDirectory = "";
			dependencies = (
				0EC132B613689773002E41E3 /* PBXTargetDependency */,
				0EC132B413689771002E41E3 /* PBXTargetDependency */,
			);
			name = "deployment macapp store";
			passBuildSettingsInEnvironment = 1;
			productName = "deployment macapp store";
		};
		0EE09A681345BC110008386E /* Deployment */ = {
			isa = PBXLegacyTarget;
			buildArgumentsString = "--compile --embed";
			buildConfigurationList = 0EE09A801345BC110008386E /* Build configuration list for PBXLegacyTarget "Deployment" */;
			buildPhases = (
			);
			buildToolPath = /usr/local/bin/macruby_deploy;
			dependencies = (
				0EBF0F5C136579BF008F04CC /* PBXTargetDependency */,
			);
			name = Deployment;
			passBuildSettingsInEnvironment = 1;
			productName = Deployment;
		};
/* End PBXLegacyTarget section */

/* Begin PBXNativeTarget section */
		0EE09A5F1345BC110008386E /* unstack */ = {
			isa = PBXNativeTarget;
			buildConfigurationList = 0EE09A7D1345BC110008386E /* Build configuration list for PBXNativeTarget "unstack" */;
			buildPhases = (
				0EE09A5C1345BC110008386E /* Sources */,
				0EE09A5D1345BC110008386E /* Frameworks */,
				0EE09A5E1345BC110008386E /* Resources */,
			);
			buildRules = (
			);
			dependencies = (
			);
			name = unstack;
			productName = unstack;
			productReference = 0EE09A601345BC110008386E /* unstack.app */;
			productType = "com.apple.product-type.application";
		};
/* End PBXNativeTarget section */

/* Begin PBXProject section */
		0EE09A571345BC110008386E /* Project object */ = {
			isa = PBXProject;
			attributes = {
				ORGANIZATIONNAME = ananasblau.com;
			};
			buildConfigurationList = 0EE09A5A1345BC110008386E /* Build configuration list for PBXProject "unstack" */;
			compatibilityVersion = "Xcode 3.2";
			developmentRegion = English;
			hasScannedForEncodings = 0;
			knownRegions = (
				en,
			);
			mainGroup = 0EE09A551345BC110008386E;
			productRefGroup = 0EE09A611345BC110008386E /* Products */;
			projectDirPath = "";
			projectRoot = "";
			targets = (
				0EE09A5F1345BC110008386E /* unstack */,
				0EE09A681345BC110008386E /* Deployment */,
				0EC132AF13689758002E41E3 /* deployment macapp store */,
			);
		};
/* End PBXProject section */

/* Begin PBXResourcesBuildPhase section */
		0EE09A5E1345BC110008386E /* Resources */ = {
			isa = PBXResourcesBuildPhase;
			buildActionMask = 2147483647;
			files = (
				0EE09A6E1345BC110008386E /* InfoPlist.strings in Resources */,
				0EE09A751345BC110008386E /* MainMenu.xib in Resources */,
				0EE09A781345BC110008386E /* rb_main.rb in Resources */,
				0EE09A7A1345BC110008386E /* AppDelegate.rb in Resources */,
				0EE09A841345BCD90008386E /* Block.rb in Resources */,
				0EE09AA11345C8400008386E /* ScoresView.rb in Resources */,
				0EE09AB21345E75D0008386E /* GameHelper.rb in Resources */,
				0EE09AB31345E75D0008386E /* NextBlockView.rb in Resources */,
				0EE09AB51345E75D0008386E /* TowerView.rb in Resources */,
				0EE09AB71345E76D0008386E /* Tower.rb in Resources */,
				0EE09AB91345E77F0008386E /* FullscreenView.rb in Resources */,
				0EE09ACB1345F3E10008386E /* Player.rb in Resources */,
				0EE09AE1134625E50008386E /* README.markdown in Resources */,
				0EE962DA134633BE003ADC6B /* PreferencesWindow.rb in Resources */,
				0EA5B67F134724680054197B /* GameEndedView.rb in Resources */,
				0EA5B68213472B2F0054197B /* Smiley.rb in Resources */,
				0E83D270136560A400209F44 /* Unstack.icns in Resources */,
				0E56D8171368642A00929160 /* GameView.rb in Resources */,
				0E89CB5D1369703800EB250D /* Preferences.rb in Resources */,
				0E68F4FC1369ED64006B2BD5 /* Unstack.rb in Resources */,
				0EB02A83137728B200F4DF1C /* HighscoresView.rb in Resources */,
				0EB02A86137731AB00F4DF1C /* TutorialView.rb in Resources */,
			);
			runOnlyForDeploymentPostprocessing = 0;
		};
/* End PBXResourcesBuildPhase section */

/* Begin PBXSourcesBuildPhase section */
		0EE09A5C1345BC110008386E /* Sources */ = {
			isa = PBXSourcesBuildPhase;
			buildActionMask = 2147483647;
			files = (
				0EE09A711345BC110008386E /* main.m in Sources */,
			);
			runOnlyForDeploymentPostprocessing = 0;
		};
/* End PBXSourcesBuildPhase section */

/* Begin PBXTargetDependency section */
		0EBF0F5C136579BF008F04CC /* PBXTargetDependency */ = {
			isa = PBXTargetDependency;
			target = 0EE09A5F1345BC110008386E /* unstack */;
			targetProxy = 0EBF0F5B136579BF008F04CC /* PBXContainerItemProxy */;
		};
		0EC132B413689771002E41E3 /* PBXTargetDependency */ = {
			isa = PBXTargetDependency;
			target = 0EE09A681345BC110008386E /* Deployment */;
			targetProxy = 0EC132B313689771002E41E3 /* PBXContainerItemProxy */;
		};
		0EC132B613689773002E41E3 /* PBXTargetDependency */ = {
			isa = PBXTargetDependency;
			target = 0EE09A5F1345BC110008386E /* unstack */;
			targetProxy = 0EC132B513689773002E41E3 /* PBXContainerItemProxy */;
		};
/* End PBXTargetDependency section */

/* Begin PBXVariantGroup section */
		0EE09A6C1345BC110008386E /* InfoPlist.strings */ = {
			isa = PBXVariantGroup;
			children = (
				0EE09A6D1345BC110008386E /* en */,
			);
			name = InfoPlist.strings;
			sourceTree = "<group>";
		};
		0EE09A731345BC110008386E /* MainMenu.xib */ = {
			isa = PBXVariantGroup;
			children = (
				0EE09A741345BC110008386E /* en */,
			);
			name = MainMenu.xib;
			sourceTree = "<group>";
		};
/* End PBXVariantGroup section */

/* Begin XCBuildConfiguration section */
		0EC132B113689759002E41E3 /* Debug */ = {
			isa = XCBuildConfiguration;
			buildSettings = {
				ALWAYS_SEARCH_USER_PATHS = NO;
				ARCHS = "$(ARCHS_STANDARD_64_BIT)";
				COPY_PHASE_STRIP = NO;
				DEBUGGING_SYMBOLS = YES;
				GCC_DYNAMIC_NO_PIC = NO;
				GCC_ENABLE_OBJC_EXCEPTIONS = YES;
				GCC_GENERATE_DEBUGGING_SYMBOLS = YES;
				GCC_OPTIMIZATION_LEVEL = 0;
				OTHER_CFLAGS = "";
				OTHER_LDFLAGS = "";
				PRODUCT_NAME = "$(TARGET_NAME)";
			};
			name = Debug;
		};
		0EC132B213689759002E41E3 /* Release */ = {
			isa = XCBuildConfiguration;
			buildSettings = {
				ALWAYS_SEARCH_USER_PATHS = NO;
				ARCHS = "$(ARCHS_STANDARD_64_BIT)";
				COPY_PHASE_STRIP = YES;
				DEBUG_INFORMATION_FORMAT = "dwarf-with-dsym";
				GCC_ENABLE_OBJC_EXCEPTIONS = YES;
				OTHER_CFLAGS = "";
				OTHER_LDFLAGS = "";
				PRODUCT_NAME = "$(TARGET_NAME)";
			};
			name = Release;
		};
		0EE09A7B1345BC110008386E /* Debug */ = {
			isa = XCBuildConfiguration;
			buildSettings = {
				ARCHS = "$(ARCHS_STANDARD_64_BIT)";
				CODE_SIGN_IDENTITY = "3rd Party Mac Developer Application: Thomas Koll";
				GCC_C_LANGUAGE_STANDARD = gnu99;
				GCC_OPTIMIZATION_LEVEL = 0;
				GCC_PREPROCESSOR_DEFINITIONS = DEBUG;
				GCC_SYMBOLS_PRIVATE_EXTERN = NO;
				GCC_VERSION = com.apple.compilers.llvm.clang.1_0;
				GCC_WARN_64_TO_32_BIT_CONVERSION = YES;
				GCC_WARN_ABOUT_RETURN_TYPE = YES;
				GCC_WARN_UNUSED_VARIABLE = YES;
				MACOSX_DEPLOYMENT_TARGET = 10.6;
				ONLY_ACTIVE_ARCH = YES;
				SDKROOT = macosx;
				VALIDATE_PRODUCT = YES;
				VALID_ARCHS = x86_64;
			};
			name = Debug;
		};
		0EE09A7C1345BC110008386E /* Release */ = {
			isa = XCBuildConfiguration;
			buildSettings = {
				ARCHS = "$(ARCHS_STANDARD_64_BIT)";
				CODE_SIGN_IDENTITY = "3rd Party Mac Developer Application: Thomas Koll";
				GCC_C_LANGUAGE_STANDARD = gnu99;
				GCC_VERSION = com.apple.compilers.llvm.clang.1_0;
				GCC_WARN_64_TO_32_BIT_CONVERSION = YES;
				GCC_WARN_ABOUT_RETURN_TYPE = YES;
				GCC_WARN_UNUSED_VARIABLE = YES;
				MACOSX_DEPLOYMENT_TARGET = 10.6;
				SDKROOT = macosx;
				VALIDATE_PRODUCT = YES;
				VALID_ARCHS = x86_64;
			};
			name = Release;
		};
		0EE09A7E1345BC110008386E /* Debug */ = {
			isa = XCBuildConfiguration;
			buildSettings = {
				ALWAYS_SEARCH_USER_PATHS = NO;
				CODE_SIGN_IDENTITY = "";
				COPY_PHASE_STRIP = NO;
				GCC_DYNAMIC_NO_PIC = NO;
				GCC_ENABLE_OBJC_EXCEPTIONS = YES;
				GCC_ENABLE_OBJC_GC = required;
				GCC_PRECOMPILE_PREFIX_HEADER = YES;
				GCC_PREFIX_HEADER = "unstack/unstack-Prefix.pch";
				INFOPLIST_FILE = "unstack/unstack-Info.plist";
				PRODUCT_NAME = "$(TARGET_NAME)";
				WRAPPER_EXTENSION = app;
			};
			name = Debug;
		};
		0EE09A7F1345BC110008386E /* Release */ = {
			isa = XCBuildConfiguration;
			buildSettings = {
				ALWAYS_SEARCH_USER_PATHS = NO;
				CODE_SIGN_IDENTITY = "";
				COPY_PHASE_STRIP = YES;
				DEBUG_INFORMATION_FORMAT = "dwarf-with-dsym";
				GCC_ENABLE_OBJC_EXCEPTIONS = YES;
				GCC_ENABLE_OBJC_GC = required;
				GCC_PRECOMPILE_PREFIX_HEADER = YES;
				GCC_PREFIX_HEADER = "unstack/unstack-Prefix.pch";
				INFOPLIST_FILE = "unstack/unstack-Info.plist";
				PRODUCT_NAME = "$(TARGET_NAME)";
				WRAPPER_EXTENSION = app;
			};
			name = Release;
		};
		0EE09A811345BC110008386E /* Debug */ = {
			isa = XCBuildConfiguration;
			buildSettings = {
			};
			name = Debug;
		};
		0EE09A821345BC110008386E /* Release */ = {
			isa = XCBuildConfiguration;
			buildSettings = {
			};
			name = Release;
		};
/* End XCBuildConfiguration section */

/* Begin XCConfigurationList section */
		0EC132B013689759002E41E3 /* Build configuration list for PBXLegacyTarget "deployment macapp store" */ = {
			isa = XCConfigurationList;
			buildConfigurations = (
				0EC132B113689759002E41E3 /* Debug */,
				0EC132B213689759002E41E3 /* Release */,
			);
			defaultConfigurationIsVisible = 0;
			defaultConfigurationName = Release;
		};
		0EE09A5A1345BC110008386E /* Build configuration list for PBXProject "unstack" */ = {
			isa = XCConfigurationList;
			buildConfigurations = (
				0EE09A7B1345BC110008386E /* Debug */,
				0EE09A7C1345BC110008386E /* Release */,
			);
			defaultConfigurationIsVisible = 0;
			defaultConfigurationName = Release;
		};
		0EE09A7D1345BC110008386E /* Build configuration list for PBXNativeTarget "unstack" */ = {
			isa = XCConfigurationList;
			buildConfigurations = (
				0EE09A7E1345BC110008386E /* Debug */,
				0EE09A7F1345BC110008386E /* Release */,
			);
			defaultConfigurationIsVisible = 0;
			defaultConfigurationName = Release;
		};
		0EE09A801345BC110008386E /* Build configuration list for PBXLegacyTarget "Deployment" */ = {
			isa = XCConfigurationList;
			buildConfigurations = (
				0EE09A811345BC110008386E /* Debug */,
				0EE09A821345BC110008386E /* Release */,
			);
			defaultConfigurationIsVisible = 0;
			defaultConfigurationName = Release;
		};
/* End XCConfigurationList section */
	};
	rootObject = 0EE09A571345BC110008386E /* Project object */;
}
