// !$*UTF8*$!
{
	archiveVersion = 1;
	classes = {
	};
	objectVersion = 46;
	objects = {

/* Begin PBXBuildFile section */
		0EE09A651345BC110008386E /* Cocoa.framework in Frameworks */ = {isa = PBXBuildFile; fileRef = 0EE09A641345BC110008386E /* Cocoa.framework */; };
		0EE09A671345BC110008386E /* MacRuby.framework in Frameworks */ = {isa = PBXBuildFile; fileRef = 0EE09A661345BC110008386E /* MacRuby.framework */; };
		0EE09A6E1345BC110008386E /* InfoPlist.strings in Resources */ = {isa = PBXBuildFile; fileRef = 0EE09A6C1345BC110008386E /* InfoPlist.strings */; };
		0EE09A711345BC110008386E /* main.m in Sources */ = {isa = PBXBuildFile; fileRef = 0EE09A701345BC110008386E /* main.m */; };
		0EE09A751345BC110008386E /* MainMenu.xib in Resources */ = {isa = PBXBuildFile; fileRef = 0EE09A731345BC110008386E /* MainMenu.xib */; };
		0EE09A781345BC110008386E /* rb_main.rb in Resources */ = {isa = PBXBuildFile; fileRef = 0EE09A771345BC110008386E /* rb_main.rb */; };
		0EE09A7A1345BC110008386E /* AppDelegate.rb in Resources */ = {isa = PBXBuildFile; fileRef = 0EE09A791345BC110008386E /* AppDelegate.rb */; };
		0EE09A841345BCD90008386E /* Block.rb in Resources */ = {isa = PBXBuildFile; fileRef = 0EE09A831345BCD90008386E /* Block.rb */; };
		0EE09A881345BED70008386E /* Sirtet.rb in Resources */ = {isa = PBXBuildFile; fileRef = 0EE09A871345BED70008386E /* Sirtet.rb */; };
		0EE09AA11345C8400008386E /* ScoresView.rb in Resources */ = {isa = PBXBuildFile; fileRef = 0EE09AA01345C8400008386E /* ScoresView.rb */; };
		0EE09AB21345E75D0008386E /* GameHelper.rb in Resources */ = {isa = PBXBuildFile; fileRef = 0EE09AAE1345E75C0008386E /* GameHelper.rb */; };
		0EE09AB31345E75D0008386E /* NextBlockView.rb in Resources */ = {isa = PBXBuildFile; fileRef = 0EE09AAF1345E75C0008386E /* NextBlockView.rb */; };
		0EE09AB51345E75D0008386E /* TowerView.rb in Resources */ = {isa = PBXBuildFile; fileRef = 0EE09AB11345E75D0008386E /* TowerView.rb */; };
		0EE09AB71345E76D0008386E /* Tower.rb in Resources */ = {isa = PBXBuildFile; fileRef = 0EE09AB61345E76D0008386E /* Tower.rb */; };
		0EE09AB91345E77F0008386E /* GameView.rb in Resources */ = {isa = PBXBuildFile; fileRef = 0EE09AB81345E77F0008386E /* GameView.rb */; };
		0EE09ACB1345F3E10008386E /* Player.rb in Resources */ = {isa = PBXBuildFile; fileRef = 0EE09ACA1345F3E10008386E /* Player.rb */; };
		0EE09AE1134625E50008386E /* README.markdown in Resources */ = {isa = PBXBuildFile; fileRef = 0EE09AE0134625E40008386E /* README.markdown */; };
		0EE962DA134633BE003ADC6B /* PreferencesWindow.rb in Resources */ = {isa = PBXBuildFile; fileRef = 0EE962D9134633BE003ADC6B /* PreferencesWindow.rb */; };
		0EE962E913463F0A003ADC6B /* Sirtet.icns in Resources */ = {isa = PBXBuildFile; fileRef = 0EE962E813463F0A003ADC6B /* Sirtet.icns */; };
/* End PBXBuildFile section */

/* Begin PBXContainerItemProxy section */
		0EE962E613463C4F003ADC6B /* PBXContainerItemProxy */ = {
			isa = PBXContainerItemProxy;
			containerPortal = 0EE09A571345BC110008386E /* Project object */;
			proxyType = 1;
			remoteGlobalIDString = 0EE09A5F1345BC110008386E;
			remoteInfo = sirtet;
		};
/* End PBXContainerItemProxy section */

/* Begin PBXFileReference section */
		0EE09A601345BC110008386E /* sirtet.app */ = {isa = PBXFileReference; explicitFileType = wrapper.application; includeInIndex = 0; path = sirtet.app; sourceTree = BUILT_PRODUCTS_DIR; };
		0EE09A641345BC110008386E /* Cocoa.framework */ = {isa = PBXFileReference; lastKnownFileType = wrapper.framework; name = Cocoa.framework; path = System/Library/Frameworks/Cocoa.framework; sourceTree = SDKROOT; };
		0EE09A661345BC110008386E /* MacRuby.framework */ = {isa = PBXFileReference; lastKnownFileType = wrapper.framework; name = MacRuby.framework; path = System/Library/Frameworks/MacRuby.framework; sourceTree = SDKROOT; };
		0EE09A6B1345BC110008386E /* sirtet-Info.plist */ = {isa = PBXFileReference; lastKnownFileType = text.plist.xml; path = "sirtet-Info.plist"; sourceTree = "<group>"; };
		0EE09A6D1345BC110008386E /* en */ = {isa = PBXFileReference; lastKnownFileType = text.plist.strings; name = en; path = en.lproj/InfoPlist.strings; sourceTree = "<group>"; };
		0EE09A6F1345BC110008386E /* sirtet-Prefix.pch */ = {isa = PBXFileReference; lastKnownFileType = sourcecode.c.h; path = "sirtet-Prefix.pch"; sourceTree = "<group>"; };
		0EE09A701345BC110008386E /* main.m */ = {isa = PBXFileReference; lastKnownFileType = sourcecode.c.objc; path = main.m; sourceTree = "<group>"; };
		0EE09A741345BC110008386E /* en */ = {isa = PBXFileReference; lastKnownFileType = file.xib; name = en; path = en.lproj/MainMenu.xib; sourceTree = "<group>"; };
		0EE09A771345BC110008386E /* rb_main.rb */ = {isa = PBXFileReference; lastKnownFileType = text.script.ruby; path = rb_main.rb; sourceTree = "<group>"; };
		0EE09A791345BC110008386E /* AppDelegate.rb */ = {isa = PBXFileReference; lastKnownFileType = text.script.ruby; path = AppDelegate.rb; sourceTree = "<group>"; };
		0EE09A831345BCD90008386E /* Block.rb */ = {isa = PBXFileReference; fileEncoding = 4; lastKnownFileType = text.script.ruby; path = Block.rb; sourceTree = "<group>"; };
		0EE09A871345BED70008386E /* Sirtet.rb */ = {isa = PBXFileReference; fileEncoding = 4; lastKnownFileType = text.script.ruby; name = Sirtet.rb; path = sirtet.xcodeproj/Sirtet.rb; sourceTree = SOURCE_ROOT; };
		0EE09AA01345C8400008386E /* ScoresView.rb */ = {isa = PBXFileReference; fileEncoding = 4; lastKnownFileType = text.script.ruby; path = ScoresView.rb; sourceTree = "<group>"; };
		0EE09AAE1345E75C0008386E /* GameHelper.rb */ = {isa = PBXFileReference; fileEncoding = 4; lastKnownFileType = text.script.ruby; path = GameHelper.rb; sourceTree = "<group>"; };
		0EE09AAF1345E75C0008386E /* NextBlockView.rb */ = {isa = PBXFileReference; fileEncoding = 4; lastKnownFileType = text.script.ruby; path = NextBlockView.rb; sourceTree = "<group>"; };
		0EE09AB11345E75D0008386E /* TowerView.rb */ = {isa = PBXFileReference; fileEncoding = 4; lastKnownFileType = text.script.ruby; path = TowerView.rb; sourceTree = "<group>"; };
		0EE09AB61345E76D0008386E /* Tower.rb */ = {isa = PBXFileReference; fileEncoding = 4; lastKnownFileType = text.script.ruby; path = Tower.rb; sourceTree = "<group>"; };
		0EE09AB81345E77F0008386E /* GameView.rb */ = {isa = PBXFileReference; fileEncoding = 4; lastKnownFileType = text.script.ruby; path = GameView.rb; sourceTree = "<group>"; };
		0EE09ACA1345F3E10008386E /* Player.rb */ = {isa = PBXFileReference; fileEncoding = 4; lastKnownFileType = text.script.ruby; path = Player.rb; sourceTree = "<group>"; };
		0EE09AE0134625E40008386E /* README.markdown */ = {isa = PBXFileReference; fileEncoding = 4; lastKnownFileType = text; path = README.markdown; sourceTree = "<group>"; };
		0EE962D9134633BE003ADC6B /* PreferencesWindow.rb */ = {isa = PBXFileReference; fileEncoding = 4; lastKnownFileType = text.script.ruby; path = PreferencesWindow.rb; sourceTree = "<group>"; };
		0EE962E813463F0A003ADC6B /* Sirtet.icns */ = {isa = PBXFileReference; lastKnownFileType = image.icns; path = Sirtet.icns; sourceTree = "<group>"; };
/* End PBXFileReference section */

/* Begin PBXFrameworksBuildPhase section */
		0EE09A5D1345BC110008386E /* Frameworks */ = {
			isa = PBXFrameworksBuildPhase;
			buildActionMask = 2147483647;
			files = (
				0EE09A651345BC110008386E /* Cocoa.framework in Frameworks */,
				0EE09A671345BC110008386E /* MacRuby.framework in Frameworks */,
			);
			runOnlyForDeploymentPostprocessing = 0;
		};
/* End PBXFrameworksBuildPhase section */

/* Begin PBXGroup section */
		0EE09A551345BC110008386E = {
			isa = PBXGroup;
			children = (
				0EE962E813463F0A003ADC6B /* Sirtet.icns */,
				0EE09AE0134625E40008386E /* README.markdown */,
				0EE09A691345BC110008386E /* sirtet */,
				0EE09A631345BC110008386E /* Frameworks */,
				0EE09A611345BC110008386E /* Products */,
			);
			sourceTree = "<group>";
		};
		0EE09A611345BC110008386E /* Products */ = {
			isa = PBXGroup;
			children = (
				0EE09A601345BC110008386E /* sirtet.app */,
			);
			name = Products;
			sourceTree = "<group>";
		};
		0EE09A631345BC110008386E /* Frameworks */ = {
			isa = PBXGroup;
			children = (
				0EE09A641345BC110008386E /* Cocoa.framework */,
				0EE09A661345BC110008386E /* MacRuby.framework */,
			);
			name = Frameworks;
			sourceTree = "<group>";
		};
		0EE09A691345BC110008386E /* sirtet */ = {
			isa = PBXGroup;
			children = (
				0EE09A791345BC110008386E /* AppDelegate.rb */,
				0EE09A871345BED70008386E /* Sirtet.rb */,
				0EE09AAE1345E75C0008386E /* GameHelper.rb */,
				0EE962D9134633BE003ADC6B /* PreferencesWindow.rb */,
				0EE09AB81345E77F0008386E /* GameView.rb */,
				0EE09AAF1345E75C0008386E /* NextBlockView.rb */,
				0EE09AA01345C8400008386E /* ScoresView.rb */,
				0EE09AB11345E75D0008386E /* TowerView.rb */,
				0EE09A831345BCD90008386E /* Block.rb */,
				0EE09ACA1345F3E10008386E /* Player.rb */,
				0EE09AB61345E76D0008386E /* Tower.rb */,
				0EE09A721345BC110008386E /* Resources */,
				0EE09A761345BC110008386E /* Other Sources */,
				0EE09A6A1345BC110008386E /* Supporting Files */,
			);
			path = sirtet;
			sourceTree = "<group>";
		};
		0EE09A6A1345BC110008386E /* Supporting Files */ = {
			isa = PBXGroup;
			children = (
				0EE09A6B1345BC110008386E /* sirtet-Info.plist */,
				0EE09A6C1345BC110008386E /* InfoPlist.strings */,
				0EE09A6F1345BC110008386E /* sirtet-Prefix.pch */,
				0EE09A701345BC110008386E /* main.m */,
			);
			name = "Supporting Files";
			sourceTree = "<group>";
		};
		0EE09A721345BC110008386E /* Resources */ = {
			isa = PBXGroup;
			children = (
				0EE09A731345BC110008386E /* MainMenu.xib */,
			);
			name = Resources;
			sourceTree = "<group>";
		};
		0EE09A761345BC110008386E /* Other Sources */ = {
			isa = PBXGroup;
			children = (
				0EE09A771345BC110008386E /* rb_main.rb */,
			);
			name = "Other Sources";
			sourceTree = "<group>";
		};
/* End PBXGroup section */

/* Begin PBXLegacyTarget section */
		0EE09A681345BC110008386E /* Deployment */ = {
			isa = PBXLegacyTarget;
			buildArgumentsString = "--compile --embed";
			buildConfigurationList = 0EE09A801345BC110008386E /* Build configuration list for PBXLegacyTarget "Deployment" */;
			buildPhases = (
			);
			buildToolPath = /usr/local/bin/macruby_deploy;
			dependencies = (
				0EE962E713463C4F003ADC6B /* PBXTargetDependency */,
			);
			name = Deployment;
			passBuildSettingsInEnvironment = 1;
			productName = Deployment;
		};
/* End PBXLegacyTarget section */

/* Begin PBXNativeTarget section */
		0EE09A5F1345BC110008386E /* sirtet */ = {
			isa = PBXNativeTarget;
			buildConfigurationList = 0EE09A7D1345BC110008386E /* Build configuration list for PBXNativeTarget "sirtet" */;
			buildPhases = (
				0EE09A5C1345BC110008386E /* Sources */,
				0EE09A5D1345BC110008386E /* Frameworks */,
				0EE09A5E1345BC110008386E /* Resources */,
			);
			buildRules = (
			);
			dependencies = (
			);
			name = sirtet;
			productName = sirtet;
			productReference = 0EE09A601345BC110008386E /* sirtet.app */;
			productType = "com.apple.product-type.application";
		};
/* End PBXNativeTarget section */

/* Begin PBXProject section */
		0EE09A571345BC110008386E /* Project object */ = {
			isa = PBXProject;
			attributes = {
				ORGANIZATIONNAME = Ananasblau.com;
			};
			buildConfigurationList = 0EE09A5A1345BC110008386E /* Build configuration list for PBXProject "sirtet" */;
			compatibilityVersion = "Xcode 3.2";
			developmentRegion = English;
			hasScannedForEncodings = 0;
			knownRegions = (
				en,
			);
			mainGroup = 0EE09A551345BC110008386E;
			productRefGroup = 0EE09A611345BC110008386E /* Products */;
			projectDirPath = "";
			projectRoot = "";
			targets = (
				0EE09A5F1345BC110008386E /* sirtet */,
				0EE09A681345BC110008386E /* Deployment */,
			);
		};
/* End PBXProject section */

/* Begin PBXResourcesBuildPhase section */
		0EE09A5E1345BC110008386E /* Resources */ = {
			isa = PBXResourcesBuildPhase;
			buildActionMask = 2147483647;
			files = (
				0EE09A6E1345BC110008386E /* InfoPlist.strings in Resources */,
				0EE09A751345BC110008386E /* MainMenu.xib in Resources */,
				0EE09A781345BC110008386E /* rb_main.rb in Resources */,
				0EE09A7A1345BC110008386E /* AppDelegate.rb in Resources */,
				0EE09A841345BCD90008386E /* Block.rb in Resources */,
				0EE09A881345BED70008386E /* Sirtet.rb in Resources */,
				0EE09AA11345C8400008386E /* ScoresView.rb in Resources */,
				0EE09AB21345E75D0008386E /* GameHelper.rb in Resources */,
				0EE09AB31345E75D0008386E /* NextBlockView.rb in Resources */,
				0EE09AB51345E75D0008386E /* TowerView.rb in Resources */,
				0EE09AB71345E76D0008386E /* Tower.rb in Resources */,
				0EE09AB91345E77F0008386E /* GameView.rb in Resources */,
				0EE09ACB1345F3E10008386E /* Player.rb in Resources */,
				0EE09AE1134625E50008386E /* README.markdown in Resources */,
				0EE962DA134633BE003ADC6B /* PreferencesWindow.rb in Resources */,
				0EE962E913463F0A003ADC6B /* Sirtet.icns in Resources */,
			);
			runOnlyForDeploymentPostprocessing = 0;
		};
/* End PBXResourcesBuildPhase section */

/* Begin PBXSourcesBuildPhase section */
		0EE09A5C1345BC110008386E /* Sources */ = {
			isa = PBXSourcesBuildPhase;
			buildActionMask = 2147483647;
			files = (
				0EE09A711345BC110008386E /* main.m in Sources */,
			);
			runOnlyForDeploymentPostprocessing = 0;
		};
/* End PBXSourcesBuildPhase section */

/* Begin PBXTargetDependency section */
		0EE962E713463C4F003ADC6B /* PBXTargetDependency */ = {
			isa = PBXTargetDependency;
			target = 0EE09A5F1345BC110008386E /* sirtet */;
			targetProxy = 0EE962E613463C4F003ADC6B /* PBXContainerItemProxy */;
		};
/* End PBXTargetDependency section */

/* Begin PBXVariantGroup section */
		0EE09A6C1345BC110008386E /* InfoPlist.strings */ = {
			isa = PBXVariantGroup;
			children = (
				0EE09A6D1345BC110008386E /* en */,
			);
			name = InfoPlist.strings;
			sourceTree = "<group>";
		};
		0EE09A731345BC110008386E /* MainMenu.xib */ = {
			isa = PBXVariantGroup;
			children = (
				0EE09A741345BC110008386E /* en */,
			);
			name = MainMenu.xib;
			sourceTree = "<group>";
		};
/* End PBXVariantGroup section */

/* Begin XCBuildConfiguration section */
		0EE09A7B1345BC110008386E /* Debug */ = {
			isa = XCBuildConfiguration;
			buildSettings = {
				ARCHS = "$(ARCHS_STANDARD_64_BIT)";
				GCC_C_LANGUAGE_STANDARD = gnu99;
				GCC_OPTIMIZATION_LEVEL = 0;
				GCC_PREPROCESSOR_DEFINITIONS = DEBUG;
				GCC_SYMBOLS_PRIVATE_EXTERN = NO;
				GCC_VERSION = com.apple.compilers.llvm.clang.1_0;
				GCC_WARN_64_TO_32_BIT_CONVERSION = YES;
				GCC_WARN_ABOUT_RETURN_TYPE = YES;
				GCC_WARN_UNUSED_VARIABLE = YES;
				MACOSX_DEPLOYMENT_TARGET = 10.6;
				ONLY_ACTIVE_ARCH = YES;
				SDKROOT = macosx;
				VALID_ARCHS = x86_64;
			};
			name = Debug;
		};
		0EE09A7C1345BC110008386E /* Release */ = {
			isa = XCBuildConfiguration;
			buildSettings = {
				ARCHS = "$(ARCHS_STANDARD_64_BIT)";
				GCC_C_LANGUAGE_STANDARD = gnu99;
				GCC_VERSION = com.apple.compilers.llvm.clang.1_0;
				GCC_WARN_64_TO_32_BIT_CONVERSION = YES;
				GCC_WARN_ABOUT_RETURN_TYPE = YES;
				GCC_WARN_UNUSED_VARIABLE = YES;
				MACOSX_DEPLOYMENT_TARGET = 10.6;
				SDKROOT = macosx;
				VALID_ARCHS = x86_64;
			};
			name = Release;
		};
		0EE09A7E1345BC110008386E /* Debug */ = {
			isa = XCBuildConfiguration;
			buildSettings = {
				ALWAYS_SEARCH_USER_PATHS = NO;
				COPY_PHASE_STRIP = NO;
				GCC_DYNAMIC_NO_PIC = NO;
				GCC_ENABLE_OBJC_EXCEPTIONS = YES;
				GCC_ENABLE_OBJC_GC = required;
				GCC_PRECOMPILE_PREFIX_HEADER = YES;
				GCC_PREFIX_HEADER = "sirtet/sirtet-Prefix.pch";
				INFOPLIST_FILE = "sirtet/sirtet-Info.plist";
				PRODUCT_NAME = "$(TARGET_NAME)";
				WRAPPER_EXTENSION = app;
			};
			name = Debug;
		};
		0EE09A7F1345BC110008386E /* Release */ = {
			isa = XCBuildConfiguration;
			buildSettings = {
				ALWAYS_SEARCH_USER_PATHS = NO;
				COPY_PHASE_STRIP = YES;
				DEBUG_INFORMATION_FORMAT = "dwarf-with-dsym";
				GCC_ENABLE_OBJC_EXCEPTIONS = YES;
				GCC_ENABLE_OBJC_GC = required;
				GCC_PRECOMPILE_PREFIX_HEADER = YES;
				GCC_PREFIX_HEADER = "sirtet/sirtet-Prefix.pch";
				INFOPLIST_FILE = "sirtet/sirtet-Info.plist";
				PRODUCT_NAME = "$(TARGET_NAME)";
				WRAPPER_EXTENSION = app;
			};
			name = Release;
		};
		0EE09A811345BC110008386E /* Debug */ = {
			isa = XCBuildConfiguration;
			buildSettings = {
			};
			name = Debug;
		};
		0EE09A821345BC110008386E /* Release */ = {
			isa = XCBuildConfiguration;
			buildSettings = {
			};
			name = Release;
		};
/* End XCBuildConfiguration section */

/* Begin XCConfigurationList section */
		0EE09A5A1345BC110008386E /* Build configuration list for PBXProject "sirtet" */ = {
			isa = XCConfigurationList;
			buildConfigurations = (
				0EE09A7B1345BC110008386E /* Debug */,
				0EE09A7C1345BC110008386E /* Release */,
			);
			defaultConfigurationIsVisible = 0;
			defaultConfigurationName = Release;
		};
		0EE09A7D1345BC110008386E /* Build configuration list for PBXNativeTarget "sirtet" */ = {
			isa = XCConfigurationList;
			buildConfigurations = (
				0EE09A7E1345BC110008386E /* Debug */,
				0EE09A7F1345BC110008386E /* Release */,
			);
			defaultConfigurationIsVisible = 0;
			defaultConfigurationName = Release;
		};
		0EE09A801345BC110008386E /* Build configuration list for PBXLegacyTarget "Deployment" */ = {
			isa = XCConfigurationList;
			buildConfigurations = (
				0EE09A811345BC110008386E /* Debug */,
				0EE09A821345BC110008386E /* Release */,
			);
			defaultConfigurationIsVisible = 0;
			defaultConfigurationName = Release;
		};
/* End XCConfigurationList section */
	};
	rootObject = 0EE09A571345BC110008386E /* Project object */;
}
